
Microsoft Visual Studio Solution File, Format Version 12.00
# Visual Studio Version 16
VisualStudioVersion = 16.0.31019.35
MinimumVisualStudioVersion = 10.0.40219.1
Project("{FAE04EC0-301F-11D3-BF4B-00C04F79EFBC}") = "5951071057_BuiVanManh", "5951071057_BuiVanManh\5951071057_BuiVanManh.csproj", "{D2DA6379-218D-44F7-AB36-AC9D8169A1CB}"
EndProject
Global
	GlobalSection(SolutionConfigurationPlatforms) = preSolution
		Debug|Any CPU = Debug|Any CPU
		Release|Any CPU = Release|Any CPU
	EndGlobalSection
	GlobalSection(ProjectConfigurationPlatforms) = postSolution
		{D2DA6379-218D-44F7-AB36-AC9D8169A1CB}.Debug|Any CPU.ActiveCfg = Debug|Any CPU
		{D2DA6379-218D-44F7-AB36-AC9D8169A1CB}.Debug|Any CPU.Build.0 = Debug|Any CPU
		{D2DA6379-218D-44F7-AB36-AC9D8169A1CB}.Release|Any CPU.ActiveCfg = Release|Any CPU
		{D2DA6379-218D-44F7-AB36-AC9D8169A1CB}.Release|Any CPU.Build.0 = Release|Any CPU
	EndGlobalSection
	GlobalSection(SolutionProperties) = preSolution
		HideSolutionNode = FALSE
	EndGlobalSection
	GlobalSection(ExtensibilityGlobals) = postSolution
		SolutionGuid = {F0FC5277-878D-42EB-8941-1805CFAB1567}
	EndGlobalSection
EndGlobal
